
Microsoft Visual Studio Solution File, Format Version 12.00
# Visual Studio Version 17
VisualStudioVersion = 17.9.34728.123
MinimumVisualStudioVersion = 10.0.40219.1
Project("{FAE04EC0-301F-11D3-BF4B-00C04F79EFBC}") = "Pregunta7ExamenDavidVergara", "Pregunta7ExamenDavidVergara\Pregunta7ExamenDavidVergara.csproj", "{26999572-5A0C-4272-95C4-C756AEAF11C1}"
EndProject
Global
	GlobalSection(SolutionConfigurationPlatforms) = preSolution
		Debug|Any CPU = Debug|Any CPU
		Release|Any CPU = Release|Any CPU
	EndGlobalSection
	GlobalSection(ProjectConfigurationPlatforms) = postSolution
		{26999572-5A0C-4272-95C4-C756AEAF11C1}.Debug|Any CPU.ActiveCfg = Debug|Any CPU
		{26999572-5A0C-4272-95C4-C756AEAF11C1}.Debug|Any CPU.Build.0 = Debug|Any CPU
		{26999572-5A0C-4272-95C4-C756AEAF11C1}.Release|Any CPU.ActiveCfg = Release|Any CPU
		{26999572-5A0C-4272-95C4-C756AEAF11C1}.Release|Any CPU.Build.0 = Release|Any CPU
	EndGlobalSection
	GlobalSection(SolutionProperties) = preSolution
		HideSolutionNode = FALSE
	EndGlobalSection
	GlobalSection(ExtensibilityGlobals) = postSolution
		SolutionGuid = {8D3AD761-7F35-4FBC-8D51-60EB3156F527}
	EndGlobalSection
EndGlobal
